{
  "lockfileVersion": 1,
  "workspaces": {
    "": {
      "name": "qa-automation-showcase",
      "devDependencies": {
        "@playwright/test": "1.44.1",
        "allure-playwright": "^3.0.0-beta.4",
      },
    },
  },
  "packages": {
    "@playwright/test": ["@playwright/test@1.44.1", "", { "dependencies": { "playwright": "1.44.1" }, "bin": { "playwright": "cli.js" } }, "sha512-1hZ4TNvD5z9VuhNJ/walIjvMVvYkZKf71axoF/uiAqpntQJXpG64dlXhoDXE3OczPuTuvjf/M5KWFg5VAVUS3Q=="],

    "allure-js-commons": ["allure-js-commons@3.9.0", "", { "dependencies": { "md5": "^2.3.0" }, "peerDependencies": { "allure-playwright": "3.9.0" }, "optionalPeers": ["allure-playwright"] }, "sha512-uVQcGE6MWIvGR/zW1XEUwHXUQa1EJKY0Cah+0TZK1qKuw6ptyhftDr34XE3wExTyCZirRrI98dbRtPeYYuyI+g=="],

    "allure-playwright": ["allure-playwright@3.9.0", "", { "dependencies": { "allure-js-commons": "3.9.0" }, "peerDependencies": { "@playwright/test": ">=1.53.0" } }, "sha512-bv8J4BaHhs7Cd7GaAz7xEuD6vthZuw235YtHpe/9y7FDPn3oB6n6KcxZOhU0lYvwVKO5cUVqnquHKqoLkSCrgA=="],

    "charenc": ["charenc@0.0.2", "", {}, "sha512-yrLQ/yVUFXkzg7EDQsPieE/53+0RlaWTs+wBrvW36cyilJ2SaDWfl4Yj7MtLTXleV9uEKefbAGUPv2/iWSooRA=="],

    "crypt": ["crypt@0.0.2", "", {}, "sha512-mCxBlsHFYh9C+HVpiEacem8FEBnMXgU9gy4zmNC+SXAZNB/1idgp/aulFJ4FgCi7GPEVbfyng092GqL2k2rmow=="],

    "fsevents": ["fsevents@2.3.2", "", { "os": "darwin" }, "sha512-xiqMQR4xAeHTuB9uWm+fFRcIOgKBMiOBP+eXiyT7jsgVCq1bkVygt00oASowB7EdtpOHaaPgKt812P9ab+DDKA=="],

    "is-buffer": ["is-buffer@1.1.6", "", {}, "sha512-NcdALwpXkTm5Zvvbk7owOUSvVvBKDgKP5/ewfXEznmQFfs4ZRmanOeKBTjRVjka3QFoN6XJ+9F3USqfHqTaU5w=="],

    "md5": ["md5@2.3.0", "", { "dependencies": { "charenc": "0.0.2", "crypt": "0.0.2", "is-buffer": "~1.1.6" } }, "sha512-T1GITYmFaKuO91vxyoQMFETst+O71VUPEU3ze5GNzDm0OWdP8v1ziTaAEPUr/3kLsY3Sftgz242A1SetQiDL7g=="],

    "playwright": ["playwright@1.44.1", "", { "dependencies": { "playwright-core": "1.44.1" }, "optionalDependencies": { "fsevents": "2.3.2" }, "bin": { "playwright": "cli.js" } }, "sha512-qr/0UJ5CFAtloI3avF95Y0L1xQo6r3LQArLIg/z/PoGJ6xa+EwzrwO5lpNr/09STxdHuUoP2mvuELJS+hLdtgg=="],

    "playwright-core": ["playwright-core@1.44.1", "", { "bin": { "playwright-core": "cli.js" } }, "sha512-wh0JWtYTrhv1+OSsLPgFzGzt67Y7BE/ZS3jEqgGBlp2ppp1ZDj8c+9IARNW4dwf1poq5MgHreEM2KV/GuR4cFA=="],
  }
}
